
Microsoft Visual Studio Solution File, Format Version 12.00
# Visual Studio Version 17
VisualStudioVersion = 17.5.002.0
MinimumVisualStudioVersion = 10.0.40219.1
Project("{9A19103F-16F7-4668-BE54-9A1E7A4F7556}") = "Ess2", "Ess2.csproj", "{6F31B952-F9E9-4721-9908-408474556CC7}"
EndProject
Global
	GlobalSection(SolutionConfigurationPlatforms) = preSolution
		Debug|Any CPU = Debug|Any CPU
		Release|Any CPU = Release|Any CPU
	EndGlobalSection
	GlobalSection(ProjectConfigurationPlatforms) = postSolution
		{6F31B952-F9E9-4721-9908-408474556CC7}.Debug|Any CPU.ActiveCfg = Debug|Any CPU
		{6F31B952-F9E9-4721-9908-408474556CC7}.Debug|Any CPU.Build.0 = Debug|Any CPU
		{6F31B952-F9E9-4721-9908-408474556CC7}.Release|Any CPU.ActiveCfg = Release|Any CPU
		{6F31B952-F9E9-4721-9908-408474556CC7}.Release|Any CPU.Build.0 = Release|Any CPU
	EndGlobalSection
	GlobalSection(SolutionProperties) = preSolution
		HideSolutionNode = FALSE
	EndGlobalSection
	GlobalSection(ExtensibilityGlobals) = postSolution
		SolutionGuid = {6EB6AB6F-C4A1-4386-AA81-9659DB6A04C4}
	EndGlobalSection
EndGlobal
